
Microsoft Visual Studio Solution File, Format Version 12.00
# Visual Studio Version 16
VisualStudioVersion = 16.0.31205.134
MinimumVisualStudioVersion = 10.0.40219.1
Project("{FAE04EC0-301F-11D3-BF4B-00C04F79EFBC}") = "StoreWebApplication.Mvc", "StoreWebApplication.Mvc\StoreWebApplication.Mvc.csproj", "{672D567D-E8AB-45EA-8E8D-6A2654329E5D}"
EndProject
Global
	GlobalSection(SolutionConfigurationPlatforms) = preSolution
		Debug|Any CPU = Debug|Any CPU
		Release|Any CPU = Release|Any CPU
	EndGlobalSection
	GlobalSection(ProjectConfigurationPlatforms) = postSolution
		{672D567D-E8AB-45EA-8E8D-6A2654329E5D}.Debug|Any CPU.ActiveCfg = Debug|Any CPU
		{672D567D-E8AB-45EA-8E8D-6A2654329E5D}.Debug|Any CPU.Build.0 = Debug|Any CPU
		{672D567D-E8AB-45EA-8E8D-6A2654329E5D}.Release|Any CPU.ActiveCfg = Release|Any CPU
		{672D567D-E8AB-45EA-8E8D-6A2654329E5D}.Release|Any CPU.Build.0 = Release|Any CPU
	EndGlobalSection
	GlobalSection(SolutionProperties) = preSolution
		HideSolutionNode = FALSE
	EndGlobalSection
	GlobalSection(ExtensibilityGlobals) = postSolution
		SolutionGuid = {762C9D4A-F352-4A7D-875A-6E9E9B48FA00}
	EndGlobalSection
EndGlobal
